
Microsoft Visual Studio Solution File, Format Version 12.00
# Visual Studio 15
VisualStudioVersion = 15.0.27703.2000
MinimumVisualStudioVersion = 10.0.40219.1
Project("{FAE04EC0-301F-11D3-BF4B-00C04F79EFBC}") = "GameForm", "GameForm\GameForm.csproj", "{760EFABE-918D-4F9B-8BCA-807F6EC9C018}"
EndProject
Project("{FAE04EC0-301F-11D3-BF4B-00C04F79EFBC}") = "GameEngine", "GameEngine\GameEngine.csproj", "{8566B267-266D-4E25-9999-3CC1EB4D1FBF}"
EndProject
Global
	GlobalSection(SolutionConfigurationPlatforms) = preSolution
		Debug|Any CPU = Debug|Any CPU
		Release|Any CPU = Release|Any CPU
	EndGlobalSection
	GlobalSection(ProjectConfigurationPlatforms) = postSolution
		{760EFABE-918D-4F9B-8BCA-807F6EC9C018}.Debug|Any CPU.ActiveCfg = Debug|Any CPU
		{760EFABE-918D-4F9B-8BCA-807F6EC9C018}.Debug|Any CPU.Build.0 = Debug|Any CPU
		{760EFABE-918D-4F9B-8BCA-807F6EC9C018}.Release|Any CPU.ActiveCfg = Release|Any CPU
		{760EFABE-918D-4F9B-8BCA-807F6EC9C018}.Release|Any CPU.Build.0 = Release|Any CPU
		{8566B267-266D-4E25-9999-3CC1EB4D1FBF}.Debug|Any CPU.ActiveCfg = Debug|Any CPU
		{8566B267-266D-4E25-9999-3CC1EB4D1FBF}.Debug|Any CPU.Build.0 = Debug|Any CPU
		{8566B267-266D-4E25-9999-3CC1EB4D1FBF}.Release|Any CPU.ActiveCfg = Release|Any CPU
		{8566B267-266D-4E25-9999-3CC1EB4D1FBF}.Release|Any CPU.Build.0 = Release|Any CPU
	EndGlobalSection
	GlobalSection(SolutionProperties) = preSolution
		HideSolutionNode = FALSE
	EndGlobalSection
	GlobalSection(ExtensibilityGlobals) = postSolution
		SolutionGuid = {8E0A89DE-670E-4F24-804E-B755141CAD50}
	EndGlobalSection
EndGlobal
